// !$*UTF8*$!
{
	archiveVersion = 1;
	classes = {
	};
	objectVersion = 54;
	objects = {

/* Begin PBXBuildFile section */
		00E356F31AD99517003FC87E /* SplitnestProjTests.m in Sources */ = {isa = PBXBuildFile; fileRef = 00E356F21AD99517003FC87E /* SplitnestProjTests.m */; };
		0EF15DC979F94FE29A5C84E3 /* SF-Pro-Display-BlackItalic.otf in Resources */ = {isa = PBXBuildFile; fileRef = 83FB872B6A2B458386A8781F /* SF-Pro-Display-BlackItalic.otf */; };
		10E7CC01B37F4DA1835D53FB /* SF-Pro-Display-Bold.otf in Resources */ = {isa = PBXBuildFile; fileRef = 8450D1D622794E68BD086DF2 /* SF-Pro-Display-Bold.otf */; };
		13B07FBC1A68108700A75B9A /* AppDelegate.m in Sources */ = {isa = PBXBuildFile; fileRef = 13B07FB01A68108700A75B9A /* AppDelegate.m */; };
		13B07FBF1A68108700A75B9A /* Images.xcassets in Resources */ = {isa = PBXBuildFile; fileRef = 13B07FB51A68108700A75B9A /* Images.xcassets */; };
		13B07FC11A68108700A75B9A /* main.m in Sources */ = {isa = PBXBuildFile; fileRef = 13B07FB71A68108700A75B9A /* main.m */; };
		14E205706A7D4B05A7D4BAF7 /* SF-Pro-Display-UltralightItalic.otf in Resources */ = {isa = PBXBuildFile; fileRef = F8E9947171DC4B659841DA31 /* SF-Pro-Display-UltralightItalic.otf */; };
		1C5A393DAA0A4D57949068C8 /* SF-Pro-Display-BoldItalic.otf in Resources */ = {isa = PBXBuildFile; fileRef = 617E6E0E2CBC4D90A0B4D306 /* SF-Pro-Display-BoldItalic.otf */; };
		2270E39827D6A468009854DE /* GoogleService-Info.plist in Resources */ = {isa = PBXBuildFile; fileRef = 2270E39727D6A468009854DE /* GoogleService-Info.plist */; };
		2725DE76BC994BF9867D9E25 /* SF-Pro-Display-Semibold.otf in Resources */ = {isa = PBXBuildFile; fileRef = 5CB04F063E174658B1931927 /* SF-Pro-Display-Semibold.otf */; };
		32C0DD178A4E4155ABF8A263 /* SF-Pro-Rounded-Black.otf in Resources */ = {isa = PBXBuildFile; fileRef = 362FE43DD70242A9A18B9CC1 /* SF-Pro-Rounded-Black.otf */; };
		36A3CE38CBB94FF295CFB9E8 /* SF-Pro-Italic.ttf in Resources */ = {isa = PBXBuildFile; fileRef = 6DA00165F364412E880861B7 /* SF-Pro-Italic.ttf */; };
		45BE4B3D547A49ED8C7657A1 /* SF-Pro-Rounded-Light.otf in Resources */ = {isa = PBXBuildFile; fileRef = 0692EFF13A6D40D1ABBC0C1D /* SF-Pro-Rounded-Light.otf */; };
		53CA14B0176A498A84E0CD7F /* SF-Pro-Display-Regular.otf in Resources */ = {isa = PBXBuildFile; fileRef = 6DB3525F96684E849FDC6D19 /* SF-Pro-Display-Regular.otf */; };
		56B1C0B322E74DC1B7287815 /* SF-Pro-Display-Ultralight.otf in Resources */ = {isa = PBXBuildFile; fileRef = 4D0C38508FEE46DEA21173C6 /* SF-Pro-Display-Ultralight.otf */; };
		5BAF3951A3684B38B27D0661 /* SF-Pro-Display-Medium.otf in Resources */ = {isa = PBXBuildFile; fileRef = 6DF0E633BE914A0ABFF2A19F /* SF-Pro-Display-Medium.otf */; };
		6A319D358BB597040DE0F7F4 /* libPods-SplitnestProj-SplitnestProjTests.a in Frameworks */ = {isa = PBXBuildFile; fileRef = 6E4FC3A2FE3B5EF7DB7265DD /* libPods-SplitnestProj-SplitnestProjTests.a */; };
		81AB9BB82411601600AC10FF /* LaunchScreen.storyboard in Resources */ = {isa = PBXBuildFile; fileRef = 81AB9BB72411601600AC10FF /* LaunchScreen.storyboard */; };
		8813084505122072263EC515 /* libPods-SplitnestProj.a in Frameworks */ = {isa = PBXBuildFile; fileRef = 4C362E65723729CC0C3ECB86 /* libPods-SplitnestProj.a */; };
		8CFA427E14E3416D91EAFF37 /* SF-Pro-Display-RegularItalic.otf in Resources */ = {isa = PBXBuildFile; fileRef = 208ADA4CC83E4B248DBC93C8 /* SF-Pro-Display-RegularItalic.otf */; };
		8EAB49D95BB044318D391BE4 /* SF-Pro-Display-MediumItalic.otf in Resources */ = {isa = PBXBuildFile; fileRef = 73285416B4064AC5A5269A96 /* SF-Pro-Display-MediumItalic.otf */; };
		9C4396A7569843EBADCF9266 /* SF-Pro-Display-Black.ttf in Resources */ = {isa = PBXBuildFile; fileRef = 3D8C3FE20C65436A8E70501F /* SF-Pro-Display-Black.ttf */; };
		A152BA91AE4449BF9AC995F4 /* SF-Pro-Rounded-Heavy.otf in Resources */ = {isa = PBXBuildFile; fileRef = 59CCD4DF5BEF43C190F1CECA /* SF-Pro-Rounded-Heavy.otf */; };
		C0187D359D734A54A7B4DEC5 /* SF-Pro-Display-LightItalic.otf in Resources */ = {isa = PBXBuildFile; fileRef = 8F3B0D265BB54F4FB1D758AB /* SF-Pro-Display-LightItalic.otf */; };
		C098C2AA721C4E919BA04660 /* SF-Pro-Display-ThinItalic.otf in Resources */ = {isa = PBXBuildFile; fileRef = F95519C4AA7A4797961A5AE9 /* SF-Pro-Display-ThinItalic.otf */; };
		C3BFDE55AD8E45ACA17FFBE4 /* SF-Pro-Rounded-Bold.otf in Resources */ = {isa = PBXBuildFile; fileRef = ADE589059D9742DBB838089A /* SF-Pro-Rounded-Bold.otf */; };
		D3E30F3E0E9941DB92A8EEE3 /* SF-Pro-Display-Black.otf in Resources */ = {isa = PBXBuildFile; fileRef = E5CAADC232414E8B8819722D /* SF-Pro-Display-Black.otf */; };
		E71CD0F722614BF490964658 /* SF-Pro-Display-Light.otf in Resources */ = {isa = PBXBuildFile; fileRef = B6B8F377D082408BA1127466 /* SF-Pro-Display-Light.otf */; };
		EB5C7369D3EA4B0CB7591998 /* SF-Pro-Display-Thin.otf in Resources */ = {isa = PBXBuildFile; fileRef = F0A9269B8FD94EEE98ACF4E7 /* SF-Pro-Display-Thin.otf */; };
		EF7DA92A6D314DB39F5FF5ED /* SF-Pro-Display-SemiboldItalic.otf in Resources */ = {isa = PBXBuildFile; fileRef = 41E677124EB74293BF9450EC /* SF-Pro-Display-SemiboldItalic.otf */; };
		F58FCB8DBC3B46D69F58FABF /* SF-Pro-Display-HeavyItalic.otf in Resources */ = {isa = PBXBuildFile; fileRef = D38B627EFC454E3AAAA53F01 /* SF-Pro-Display-HeavyItalic.otf */; };
		F6E9DF786C094D0683FD81B7 /* SF-Pro-Display-Heavy.otf in Resources */ = {isa = PBXBuildFile; fileRef = CE6D95C5649547ECA6BDC8D8 /* SF-Pro-Display-Heavy.otf */; };
/* End PBXBuildFile section */

/* Begin PBXContainerItemProxy section */
		00E356F41AD99517003FC87E /* PBXContainerItemProxy */ = {
			isa = PBXContainerItemProxy;
			containerPortal = 83CBB9F71A601CBA00E9B192 /* Project object */;
			proxyType = 1;
			remoteGlobalIDString = 13B07F861A680F5B00A75B9A;
			remoteInfo = SplitnestProj;
		};
/* End PBXContainerItemProxy section */

/* Begin PBXFileReference section */
		00E356EE1AD99517003FC87E /* SplitnestProjTests.xctest */ = {isa = PBXFileReference; explicitFileType = wrapper.cfbundle; includeInIndex = 0; path = SplitnestProjTests.xctest; sourceTree = BUILT_PRODUCTS_DIR; };
		00E356F11AD99517003FC87E /* Info.plist */ = {isa = PBXFileReference; lastKnownFileType = text.plist.xml; path = Info.plist; sourceTree = "<group>"; };
		00E356F21AD99517003FC87E /* SplitnestProjTests.m */ = {isa = PBXFileReference; lastKnownFileType = sourcecode.c.objc; path = SplitnestProjTests.m; sourceTree = "<group>"; };
		0692EFF13A6D40D1ABBC0C1D /* SF-Pro-Rounded-Light.otf */ = {isa = PBXFileReference; explicitFileType = undefined; fileEncoding = 9; includeInIndex = 0; lastKnownFileType = unknown; name = "SF-Pro-Rounded-Light.otf"; path = "../assets/fonts/SF-Pro-Rounded-Light.otf"; sourceTree = "<group>"; };
		13B07F961A680F5B00A75B9A /* SplitnestProj.app */ = {isa = PBXFileReference; explicitFileType = wrapper.application; includeInIndex = 0; path = SplitnestProj.app; sourceTree = BUILT_PRODUCTS_DIR; };
		13B07FAF1A68108700A75B9A /* AppDelegate.h */ = {isa = PBXFileReference; fileEncoding = 4; lastKnownFileType = sourcecode.c.h; name = AppDelegate.h; path = SplitnestProj/AppDelegate.h; sourceTree = "<group>"; };
		13B07FB01A68108700A75B9A /* AppDelegate.m */ = {isa = PBXFileReference; fileEncoding = 4; lastKnownFileType = sourcecode.c.objc; name = AppDelegate.m; path = SplitnestProj/AppDelegate.m; sourceTree = "<group>"; };
		13B07FB51A68108700A75B9A /* Images.xcassets */ = {isa = PBXFileReference; lastKnownFileType = folder.assetcatalog; name = Images.xcassets; path = SplitnestProj/Images.xcassets; sourceTree = "<group>"; };
		13B07FB61A68108700A75B9A /* Info.plist */ = {isa = PBXFileReference; fileEncoding = 4; lastKnownFileType = text.plist.xml; name = Info.plist; path = SplitnestProj/Info.plist; sourceTree = "<group>"; };
		13B07FB71A68108700A75B9A /* main.m */ = {isa = PBXFileReference; fileEncoding = 4; lastKnownFileType = sourcecode.c.objc; name = main.m; path = SplitnestProj/main.m; sourceTree = "<group>"; };
		208ADA4CC83E4B248DBC93C8 /* SF-Pro-Display-RegularItalic.otf */ = {isa = PBXFileReference; explicitFileType = undefined; fileEncoding = 9; includeInIndex = 0; lastKnownFileType = unknown; name = "SF-Pro-Display-RegularItalic.otf"; path = "../assets/fonts/SF-Pro-Display-RegularItalic.otf"; sourceTree = "<group>"; };
		2270E39727D6A468009854DE /* GoogleService-Info.plist */ = {isa = PBXFileReference; fileEncoding = 4; lastKnownFileType = text.plist.xml; name = "GoogleService-Info.plist"; path = "../../../GoogleService-Info.plist"; sourceTree = "<group>"; };
		362FE43DD70242A9A18B9CC1 /* SF-Pro-Rounded-Black.otf */ = {isa = PBXFileReference; explicitFileType = undefined; fileEncoding = 9; includeInIndex = 0; lastKnownFileType = unknown; name = "SF-Pro-Rounded-Black.otf"; path = "../assets/fonts/SF-Pro-Rounded-Black.otf"; sourceTree = "<group>"; };
		3D8C3FE20C65436A8E70501F /* SF-Pro-Display-Black.ttf */ = {isa = PBXFileReference; explicitFileType = undefined; fileEncoding = 9; includeInIndex = 0; lastKnownFileType = unknown; name = "SF-Pro-Display-Black.ttf"; path = "../assets/fonts/SF-Pro-Display-Black.ttf"; sourceTree = "<group>"; };
		41E677124EB74293BF9450EC /* SF-Pro-Display-SemiboldItalic.otf */ = {isa = PBXFileReference; explicitFileType = undefined; fileEncoding = 9; includeInIndex = 0; lastKnownFileType = unknown; name = "SF-Pro-Display-SemiboldItalic.otf"; path = "../assets/fonts/SF-Pro-Display-SemiboldItalic.otf"; sourceTree = "<group>"; };
		4C362E65723729CC0C3ECB86 /* libPods-SplitnestProj.a */ = {isa = PBXFileReference; explicitFileType = archive.ar; includeInIndex = 0; path = "libPods-SplitnestProj.a"; sourceTree = BUILT_PRODUCTS_DIR; };
		4D0C38508FEE46DEA21173C6 /* SF-Pro-Display-Ultralight.otf */ = {isa = PBXFileReference; explicitFileType = undefined; fileEncoding = 9; includeInIndex = 0; lastKnownFileType = unknown; name = "SF-Pro-Display-Ultralight.otf"; path = "../assets/fonts/SF-Pro-Display-Ultralight.otf"; sourceTree = "<group>"; };
		59CCD4DF5BEF43C190F1CECA /* SF-Pro-Rounded-Heavy.otf */ = {isa = PBXFileReference; explicitFileType = undefined; fileEncoding = 9; includeInIndex = 0; lastKnownFileType = unknown; name = "SF-Pro-Rounded-Heavy.otf"; path = "../assets/fonts/SF-Pro-Rounded-Heavy.otf"; sourceTree = "<group>"; };
		5CB04F063E174658B1931927 /* SF-Pro-Display-Semibold.otf */ = {isa = PBXFileReference; explicitFileType = undefined; fileEncoding = 9; includeInIndex = 0; lastKnownFileType = unknown; name = "SF-Pro-Display-Semibold.otf"; path = "../assets/fonts/SF-Pro-Display-Semibold.otf"; sourceTree = "<group>"; };
		617E6E0E2CBC4D90A0B4D306 /* SF-Pro-Display-BoldItalic.otf */ = {isa = PBXFileReference; explicitFileType = undefined; fileEncoding = 9; includeInIndex = 0; lastKnownFileType = unknown; name = "SF-Pro-Display-BoldItalic.otf"; path = "../assets/fonts/SF-Pro-Display-BoldItalic.otf"; sourceTree = "<group>"; };
		6961929A849C73883E4ECBE1 /* Pods-SplitnestProj-SplitnestProjTests.release.xcconfig */ = {isa = PBXFileReference; includeInIndex = 1; lastKnownFileType = text.xcconfig; name = "Pods-SplitnestProj-SplitnestProjTests.release.xcconfig"; path = "Target Support Files/Pods-SplitnestProj-SplitnestProjTests/Pods-SplitnestProj-SplitnestProjTests.release.xcconfig"; sourceTree = "<group>"; };
		6DA00165F364412E880861B7 /* SF-Pro-Italic.ttf */ = {isa = PBXFileReference; explicitFileType = undefined; fileEncoding = 9; includeInIndex = 0; lastKnownFileType = unknown; name = "SF-Pro-Italic.ttf"; path = "../assets/fonts/SF-Pro-Italic.ttf"; sourceTree = "<group>"; };
		6DB3525F96684E849FDC6D19 /* SF-Pro-Display-Regular.otf */ = {isa = PBXFileReference; explicitFileType = undefined; fileEncoding = 9; includeInIndex = 0; lastKnownFileType = unknown; name = "SF-Pro-Display-Regular.otf"; path = "../assets/fonts/SF-Pro-Display-Regular.otf"; sourceTree = "<group>"; };
		6DF0E633BE914A0ABFF2A19F /* SF-Pro-Display-Medium.otf */ = {isa = PBXFileReference; explicitFileType = undefined; fileEncoding = 9; includeInIndex = 0; lastKnownFileType = unknown; name = "SF-Pro-Display-Medium.otf"; path = "../assets/fonts/SF-Pro-Display-Medium.otf"; sourceTree = "<group>"; };
		6E4FC3A2FE3B5EF7DB7265DD /* libPods-SplitnestProj-SplitnestProjTests.a */ = {isa = PBXFileReference; explicitFileType = archive.ar; includeInIndex = 0; path = "libPods-SplitnestProj-SplitnestProjTests.a"; sourceTree = BUILT_PRODUCTS_DIR; };
		73285416B4064AC5A5269A96 /* SF-Pro-Display-MediumItalic.otf */ = {isa = PBXFileReference; explicitFileType = undefined; fileEncoding = 9; includeInIndex = 0; lastKnownFileType = unknown; name = "SF-Pro-Display-MediumItalic.otf"; path = "../assets/fonts/SF-Pro-Display-MediumItalic.otf"; sourceTree = "<group>"; };
		81AB9BB72411601600AC10FF /* LaunchScreen.storyboard */ = {isa = PBXFileReference; fileEncoding = 4; lastKnownFileType = file.storyboard; name = LaunchScreen.storyboard; path = SplitnestProj/LaunchScreen.storyboard; sourceTree = "<group>"; };
		83FB872B6A2B458386A8781F /* SF-Pro-Display-BlackItalic.otf */ = {isa = PBXFileReference; explicitFileType = undefined; fileEncoding = 9; includeInIndex = 0; lastKnownFileType = unknown; name = "SF-Pro-Display-BlackItalic.otf"; path = "../assets/fonts/SF-Pro-Display-BlackItalic.otf"; sourceTree = "<group>"; };
		8450D1D622794E68BD086DF2 /* SF-Pro-Display-Bold.otf */ = {isa = PBXFileReference; explicitFileType = undefined; fileEncoding = 9; includeInIndex = 0; lastKnownFileType = unknown; name = "SF-Pro-Display-Bold.otf"; path = "../assets/fonts/SF-Pro-Display-Bold.otf"; sourceTree = "<group>"; };
		8F3B0D265BB54F4FB1D758AB /* SF-Pro-Display-LightItalic.otf */ = {isa = PBXFileReference; explicitFileType = undefined; fileEncoding = 9; includeInIndex = 0; lastKnownFileType = unknown; name = "SF-Pro-Display-LightItalic.otf"; path = "../assets/fonts/SF-Pro-Display-LightItalic.otf"; sourceTree = "<group>"; };
		AB63ADEDCBEE287FBEF01106 /* Pods-SplitnestProj.release.xcconfig */ = {isa = PBXFileReference; includeInIndex = 1; lastKnownFileType = text.xcconfig; name = "Pods-SplitnestProj.release.xcconfig"; path = "Target Support Files/Pods-SplitnestProj/Pods-SplitnestProj.release.xcconfig"; sourceTree = "<group>"; };
		ADE589059D9742DBB838089A /* SF-Pro-Rounded-Bold.otf */ = {isa = PBXFileReference; explicitFileType = undefined; fileEncoding = 9; includeInIndex = 0; lastKnownFileType = unknown; name = "SF-Pro-Rounded-Bold.otf"; path = "../assets/fonts/SF-Pro-Rounded-Bold.otf"; sourceTree = "<group>"; };
		B6B8F377D082408BA1127466 /* SF-Pro-Display-Light.otf */ = {isa = PBXFileReference; explicitFileType = undefined; fileEncoding = 9; includeInIndex = 0; lastKnownFileType = unknown; name = "SF-Pro-Display-Light.otf"; path = "../assets/fonts/SF-Pro-Display-Light.otf"; sourceTree = "<group>"; };
		CE6D95C5649547ECA6BDC8D8 /* SF-Pro-Display-Heavy.otf */ = {isa = PBXFileReference; explicitFileType = undefined; fileEncoding = 9; includeInIndex = 0; lastKnownFileType = unknown; name = "SF-Pro-Display-Heavy.otf"; path = "../assets/fonts/SF-Pro-Display-Heavy.otf"; sourceTree = "<group>"; };
		D38B627EFC454E3AAAA53F01 /* SF-Pro-Display-HeavyItalic.otf */ = {isa = PBXFileReference; explicitFileType = undefined; fileEncoding = 9; includeInIndex = 0; lastKnownFileType = unknown; name = "SF-Pro-Display-HeavyItalic.otf"; path = "../assets/fonts/SF-Pro-Display-HeavyItalic.otf"; sourceTree = "<group>"; };
		D6661036AE0C43902B0A6F18 /* Pods-SplitnestProj-SplitnestProjTests.debug.xcconfig */ = {isa = PBXFileReference; includeInIndex = 1; lastKnownFileType = text.xcconfig; name = "Pods-SplitnestProj-SplitnestProjTests.debug.xcconfig"; path = "Target Support Files/Pods-SplitnestProj-SplitnestProjTests/Pods-SplitnestProj-SplitnestProjTests.debug.xcconfig"; sourceTree = "<group>"; };
		E10741112DD9DBD6089153D7 /* Pods-SplitnestProj.debug.xcconfig */ = {isa = PBXFileReference; includeInIndex = 1; lastKnownFileType = text.xcconfig; name = "Pods-SplitnestProj.debug.xcconfig"; path = "Target Support Files/Pods-SplitnestProj/Pods-SplitnestProj.debug.xcconfig"; sourceTree = "<group>"; };
		E5CAADC232414E8B8819722D /* SF-Pro-Display-Black.otf */ = {isa = PBXFileReference; explicitFileType = undefined; fileEncoding = 9; includeInIndex = 0; lastKnownFileType = unknown; name = "SF-Pro-Display-Black.otf"; path = "../assets/fonts/SF-Pro-Display-Black.otf"; sourceTree = "<group>"; };
		ED297162215061F000B7C4FE /* JavaScriptCore.framework */ = {isa = PBXFileReference; lastKnownFileType = wrapper.framework; name = JavaScriptCore.framework; path = System/Library/Frameworks/JavaScriptCore.framework; sourceTree = SDKROOT; };
		F0A9269B8FD94EEE98ACF4E7 /* SF-Pro-Display-Thin.otf */ = {isa = PBXFileReference; explicitFileType = undefined; fileEncoding = 9; includeInIndex = 0; lastKnownFileType = unknown; name = "SF-Pro-Display-Thin.otf"; path = "../assets/fonts/SF-Pro-Display-Thin.otf"; sourceTree = "<group>"; };
		F8E9947171DC4B659841DA31 /* SF-Pro-Display-UltralightItalic.otf */ = {isa = PBXFileReference; explicitFileType = undefined; fileEncoding = 9; includeInIndex = 0; lastKnownFileType = unknown; name = "SF-Pro-Display-UltralightItalic.otf"; path = "../assets/fonts/SF-Pro-Display-UltralightItalic.otf"; sourceTree = "<group>"; };
		F95519C4AA7A4797961A5AE9 /* SF-Pro-Display-ThinItalic.otf */ = {isa = PBXFileReference; explicitFileType = undefined; fileEncoding = 9; includeInIndex = 0; lastKnownFileType = unknown; name = "SF-Pro-Display-ThinItalic.otf"; path = "../assets/fonts/SF-Pro-Display-ThinItalic.otf"; sourceTree = "<group>"; };
/* End PBXFileReference section */

/* Begin PBXFrameworksBuildPhase section */
		00E356EB1AD99517003FC87E /* Frameworks */ = {
			isa = PBXFrameworksBuildPhase;
			buildActionMask = 2147483647;
			files = (
				6A319D358BB597040DE0F7F4 /* libPods-SplitnestProj-SplitnestProjTests.a in Frameworks */,
			);
			runOnlyForDeploymentPostprocessing = 0;
		};
		13B07F8C1A680F5B00A75B9A /* Frameworks */ = {
			isa = PBXFrameworksBuildPhase;
			buildActionMask = 2147483647;
			files = (
				8813084505122072263EC515 /* libPods-SplitnestProj.a in Frameworks */,
			);
			runOnlyForDeploymentPostprocessing = 0;
		};
/* End PBXFrameworksBuildPhase section */

/* Begin PBXGroup section */
		00E356EF1AD99517003FC87E /* SplitnestProjTests */ = {
			isa = PBXGroup;
			children = (
				00E356F21AD99517003FC87E /* SplitnestProjTests.m */,
				00E356F01AD99517003FC87E /* Supporting Files */,
			);
			path = SplitnestProjTests;
			sourceTree = "<group>";
		};
		00E356F01AD99517003FC87E /* Supporting Files */ = {
			isa = PBXGroup;
			children = (
				00E356F11AD99517003FC87E /* Info.plist */,
			);
			name = "Supporting Files";
			sourceTree = "<group>";
		};
		13B07FAE1A68108700A75B9A /* SplitnestProj */ = {
			isa = PBXGroup;
			children = (
				2270E39727D6A468009854DE /* GoogleService-Info.plist */,
				13B07FAF1A68108700A75B9A /* AppDelegate.h */,
				13B07FB01A68108700A75B9A /* AppDelegate.m */,
				13B07FB51A68108700A75B9A /* Images.xcassets */,
				13B07FB61A68108700A75B9A /* Info.plist */,
				81AB9BB72411601600AC10FF /* LaunchScreen.storyboard */,
				13B07FB71A68108700A75B9A /* main.m */,
			);
			name = SplitnestProj;
			sourceTree = "<group>";
		};
		2D16E6871FA4F8E400B85C8A /* Frameworks */ = {
			isa = PBXGroup;
			children = (
				ED297162215061F000B7C4FE /* JavaScriptCore.framework */,
				4C362E65723729CC0C3ECB86 /* libPods-SplitnestProj.a */,
				6E4FC3A2FE3B5EF7DB7265DD /* libPods-SplitnestProj-SplitnestProjTests.a */,
			);
			name = Frameworks;
			sourceTree = "<group>";
		};
		832341AE1AAA6A7D00B99B32 /* Libraries */ = {
			isa = PBXGroup;
			children = (
			);
			name = Libraries;
			sourceTree = "<group>";
		};
		83CBB9F61A601CBA00E9B192 = {
			isa = PBXGroup;
			children = (
				13B07FAE1A68108700A75B9A /* SplitnestProj */,
				832341AE1AAA6A7D00B99B32 /* Libraries */,
				00E356EF1AD99517003FC87E /* SplitnestProjTests */,
				83CBBA001A601CBA00E9B192 /* Products */,
				2D16E6871FA4F8E400B85C8A /* Frameworks */,
				8E61008F97807AAFAC2489F8 /* Pods */,
				B3094C2805C445DAAA1DF55C /* Resources */,
			);
			indentWidth = 2;
			sourceTree = "<group>";
			tabWidth = 2;
			usesTabs = 0;
		};
		83CBBA001A601CBA00E9B192 /* Products */ = {
			isa = PBXGroup;
			children = (
				13B07F961A680F5B00A75B9A /* SplitnestProj.app */,
				00E356EE1AD99517003FC87E /* SplitnestProjTests.xctest */,
			);
			name = Products;
			sourceTree = "<group>";
		};
		8E61008F97807AAFAC2489F8 /* Pods */ = {
			isa = PBXGroup;
			children = (
				E10741112DD9DBD6089153D7 /* Pods-SplitnestProj.debug.xcconfig */,
				AB63ADEDCBEE287FBEF01106 /* Pods-SplitnestProj.release.xcconfig */,
				D6661036AE0C43902B0A6F18 /* Pods-SplitnestProj-SplitnestProjTests.debug.xcconfig */,
				6961929A849C73883E4ECBE1 /* Pods-SplitnestProj-SplitnestProjTests.release.xcconfig */,
			);
			path = Pods;
			sourceTree = "<group>";
		};
		B3094C2805C445DAAA1DF55C /* Resources */ = {
			isa = PBXGroup;
			children = (
				E5CAADC232414E8B8819722D /* SF-Pro-Display-Black.otf */,
				83FB872B6A2B458386A8781F /* SF-Pro-Display-BlackItalic.otf */,
				8450D1D622794E68BD086DF2 /* SF-Pro-Display-Bold.otf */,
				617E6E0E2CBC4D90A0B4D306 /* SF-Pro-Display-BoldItalic.otf */,
				CE6D95C5649547ECA6BDC8D8 /* SF-Pro-Display-Heavy.otf */,
				D38B627EFC454E3AAAA53F01 /* SF-Pro-Display-HeavyItalic.otf */,
				B6B8F377D082408BA1127466 /* SF-Pro-Display-Light.otf */,
				8F3B0D265BB54F4FB1D758AB /* SF-Pro-Display-LightItalic.otf */,
				6DF0E633BE914A0ABFF2A19F /* SF-Pro-Display-Medium.otf */,
				73285416B4064AC5A5269A96 /* SF-Pro-Display-MediumItalic.otf */,
				6DB3525F96684E849FDC6D19 /* SF-Pro-Display-Regular.otf */,
				208ADA4CC83E4B248DBC93C8 /* SF-Pro-Display-RegularItalic.otf */,
				5CB04F063E174658B1931927 /* SF-Pro-Display-Semibold.otf */,
				41E677124EB74293BF9450EC /* SF-Pro-Display-SemiboldItalic.otf */,
				F0A9269B8FD94EEE98ACF4E7 /* SF-Pro-Display-Thin.otf */,
				F95519C4AA7A4797961A5AE9 /* SF-Pro-Display-ThinItalic.otf */,
				4D0C38508FEE46DEA21173C6 /* SF-Pro-Display-Ultralight.otf */,
				F8E9947171DC4B659841DA31 /* SF-Pro-Display-UltralightItalic.otf */,
				6DA00165F364412E880861B7 /* SF-Pro-Italic.ttf */,
				362FE43DD70242A9A18B9CC1 /* SF-Pro-Rounded-Black.otf */,
				ADE589059D9742DBB838089A /* SF-Pro-Rounded-Bold.otf */,
				59CCD4DF5BEF43C190F1CECA /* SF-Pro-Rounded-Heavy.otf */,
				0692EFF13A6D40D1ABBC0C1D /* SF-Pro-Rounded-Light.otf */,
				3D8C3FE20C65436A8E70501F /* SF-Pro-Display-Black.ttf */,
			);
			name = Resources;
			sourceTree = "<group>";
		};
/* End PBXGroup section */

/* Begin PBXNativeTarget section */
		00E356ED1AD99517003FC87E /* SplitnestProjTests */ = {
			isa = PBXNativeTarget;
			buildConfigurationList = 00E357021AD99517003FC87E /* Build configuration list for PBXNativeTarget "SplitnestProjTests" */;
			buildPhases = (
				1064478C2548EF9729D8E148 /* [CP] Check Pods Manifest.lock */,
				00E356EA1AD99517003FC87E /* Sources */,
				00E356EB1AD99517003FC87E /* Frameworks */,
				00E356EC1AD99517003FC87E /* Resources */,
				F97C9F919ED202BD2DAB436F /* [CP] Copy Pods Resources */,
			);
			buildRules = (
			);
			dependencies = (
				00E356F51AD99517003FC87E /* PBXTargetDependency */,
			);
			name = SplitnestProjTests;
			productName = SplitnestProjTests;
			productReference = 00E356EE1AD99517003FC87E /* SplitnestProjTests.xctest */;
			productType = "com.apple.product-type.bundle.unit-test";
		};
		13B07F861A680F5B00A75B9A /* SplitnestProj */ = {
			isa = PBXNativeTarget;
			buildConfigurationList = 13B07F931A680F5B00A75B9A /* Build configuration list for PBXNativeTarget "SplitnestProj" */;
			buildPhases = (
				8AB1CFFC00367651958D05F7 /* [CP] Check Pods Manifest.lock */,
				FD10A7F022414F080027D42C /* Start Packager */,
				13B07F871A680F5B00A75B9A /* Sources */,
				13B07F8C1A680F5B00A75B9A /* Frameworks */,
				13B07F8E1A680F5B00A75B9A /* Resources */,
				00DD1BFF1BD5951E006B06BC /* Bundle React Native code and images */,
				02C31A4253BC530ED9721BF6 /* [CP] Copy Pods Resources */,
			);
			buildRules = (
			);
			dependencies = (
			);
			name = SplitnestProj;
			productName = SplitnestProj;
			productReference = 13B07F961A680F5B00A75B9A /* SplitnestProj.app */;
			productType = "com.apple.product-type.application";
		};
/* End PBXNativeTarget section */

/* Begin PBXProject section */
		83CBB9F71A601CBA00E9B192 /* Project object */ = {
			isa = PBXProject;
			attributes = {
				LastUpgradeCheck = 1210;
				TargetAttributes = {
					00E356ED1AD99517003FC87E = {
						CreatedOnToolsVersion = 6.2;
						TestTargetID = 13B07F861A680F5B00A75B9A;
					};
					13B07F861A680F5B00A75B9A = {
						LastSwiftMigration = 1120;
					};
				};
			};
			buildConfigurationList = 83CBB9FA1A601CBA00E9B192 /* Build configuration list for PBXProject "SplitnestProj" */;
			compatibilityVersion = "Xcode 12.0";
			developmentRegion = en;
			hasScannedForEncodings = 0;
			knownRegions = (
				en,
				Base,
			);
			mainGroup = 83CBB9F61A601CBA00E9B192;
			productRefGroup = 83CBBA001A601CBA00E9B192 /* Products */;
			projectDirPath = "";
			projectRoot = "";
			targets = (
				13B07F861A680F5B00A75B9A /* SplitnestProj */,
				00E356ED1AD99517003FC87E /* SplitnestProjTests */,
			);
		};
/* End PBXProject section */

/* Begin PBXResourcesBuildPhase section */
		00E356EC1AD99517003FC87E /* Resources */ = {
			isa = PBXResourcesBuildPhase;
			buildActionMask = 2147483647;
			files = (
			);
			runOnlyForDeploymentPostprocessing = 0;
		};
		13B07F8E1A680F5B00A75B9A /* Resources */ = {
			isa = PBXResourcesBuildPhase;
			buildActionMask = 2147483647;
			files = (
				81AB9BB82411601600AC10FF /* LaunchScreen.storyboard in Resources */,
				13B07FBF1A68108700A75B9A /* Images.xcassets in Resources */,
				2270E39827D6A468009854DE /* GoogleService-Info.plist in Resources */,
				D3E30F3E0E9941DB92A8EEE3 /* SF-Pro-Display-Black.otf in Resources */,
				0EF15DC979F94FE29A5C84E3 /* SF-Pro-Display-BlackItalic.otf in Resources */,
				10E7CC01B37F4DA1835D53FB /* SF-Pro-Display-Bold.otf in Resources */,
				1C5A393DAA0A4D57949068C8 /* SF-Pro-Display-BoldItalic.otf in Resources */,
				F6E9DF786C094D0683FD81B7 /* SF-Pro-Display-Heavy.otf in Resources */,
				F58FCB8DBC3B46D69F58FABF /* SF-Pro-Display-HeavyItalic.otf in Resources */,
				E71CD0F722614BF490964658 /* SF-Pro-Display-Light.otf in Resources */,
				C0187D359D734A54A7B4DEC5 /* SF-Pro-Display-LightItalic.otf in Resources */,
				5BAF3951A3684B38B27D0661 /* SF-Pro-Display-Medium.otf in Resources */,
				8EAB49D95BB044318D391BE4 /* SF-Pro-Display-MediumItalic.otf in Resources */,
				53CA14B0176A498A84E0CD7F /* SF-Pro-Display-Regular.otf in Resources */,
				8CFA427E14E3416D91EAFF37 /* SF-Pro-Display-RegularItalic.otf in Resources */,
				2725DE76BC994BF9867D9E25 /* SF-Pro-Display-Semibold.otf in Resources */,
				EF7DA92A6D314DB39F5FF5ED /* SF-Pro-Display-SemiboldItalic.otf in Resources */,
				EB5C7369D3EA4B0CB7591998 /* SF-Pro-Display-Thin.otf in Resources */,
				C098C2AA721C4E919BA04660 /* SF-Pro-Display-ThinItalic.otf in Resources */,
				56B1C0B322E74DC1B7287815 /* SF-Pro-Display-Ultralight.otf in Resources */,
				14E205706A7D4B05A7D4BAF7 /* SF-Pro-Display-UltralightItalic.otf in Resources */,
				36A3CE38CBB94FF295CFB9E8 /* SF-Pro-Italic.ttf in Resources */,
				32C0DD178A4E4155ABF8A263 /* SF-Pro-Rounded-Black.otf in Resources */,
				C3BFDE55AD8E45ACA17FFBE4 /* SF-Pro-Rounded-Bold.otf in Resources */,
				A152BA91AE4449BF9AC995F4 /* SF-Pro-Rounded-Heavy.otf in Resources */,
				45BE4B3D547A49ED8C7657A1 /* SF-Pro-Rounded-Light.otf in Resources */,
				9C4396A7569843EBADCF9266 /* SF-Pro-Display-Black.ttf in Resources */,
			);
			runOnlyForDeploymentPostprocessing = 0;
		};
/* End PBXResourcesBuildPhase section */

/* Begin PBXShellScriptBuildPhase section */
		00DD1BFF1BD5951E006B06BC /* Bundle React Native code and images */ = {
			isa = PBXShellScriptBuildPhase;
			buildActionMask = 2147483647;
			files = (
			);
			inputPaths = (
			);
			name = "Bundle React Native code and images";
			outputPaths = (
			);
			runOnlyForDeploymentPostprocessing = 0;
			shellPath = /bin/sh;
			shellScript = "set -e\n\nexport NODE_BINARY=node\n../node_modules/react-native/scripts/react-native-xcode.sh\n";
		};
		02C31A4253BC530ED9721BF6 /* [CP] Copy Pods Resources */ = {
			isa = PBXShellScriptBuildPhase;
			buildActionMask = 2147483647;
			files = (
			);
			inputFileListPaths = (
				"${PODS_ROOT}/Target Support Files/Pods-SplitnestProj/Pods-SplitnestProj-resources-${CONFIGURATION}-input-files.xcfilelist",
			);
			name = "[CP] Copy Pods Resources";
			outputFileListPaths = (
				"${PODS_ROOT}/Target Support Files/Pods-SplitnestProj/Pods-SplitnestProj-resources-${CONFIGURATION}-output-files.xcfilelist",
			);
			runOnlyForDeploymentPostprocessing = 0;
			shellPath = /bin/sh;
			shellScript = "\"${PODS_ROOT}/Target Support Files/Pods-SplitnestProj/Pods-SplitnestProj-resources.sh\"\n";
			showEnvVarsInLog = 0;
		};
		1064478C2548EF9729D8E148 /* [CP] Check Pods Manifest.lock */ = {
			isa = PBXShellScriptBuildPhase;
			buildActionMask = 2147483647;
			files = (
			);
			inputFileListPaths = (
			);
			inputPaths = (
				"${PODS_PODFILE_DIR_PATH}/Podfile.lock",
				"${PODS_ROOT}/Manifest.lock",
			);
			name = "[CP] Check Pods Manifest.lock";
			outputFileListPaths = (
			);
			outputPaths = (
				"$(DERIVED_FILE_DIR)/Pods-SplitnestProj-SplitnestProjTests-checkManifestLockResult.txt",
			);
			runOnlyForDeploymentPostprocessing = 0;
			shellPath = /bin/sh;
			shellScript = "diff \"${PODS_PODFILE_DIR_PATH}/Podfile.lock\" \"${PODS_ROOT}/Manifest.lock\" > /dev/null\nif [ $? != 0 ] ; then\n    # print error to STDERR\n    echo \"error: The sandbox is not in sync with the Podfile.lock. Run 'pod install' or update your CocoaPods installation.\" >&2\n    exit 1\nfi\n# This output is used by Xcode 'outputs' to avoid re-running this script phase.\necho \"SUCCESS\" > \"${SCRIPT_OUTPUT_FILE_0}\"\n";
			showEnvVarsInLog = 0;
		};
		8AB1CFFC00367651958D05F7 /* [CP] Check Pods Manifest.lock */ = {
			isa = PBXShellScriptBuildPhase;
			buildActionMask = 2147483647;
			files = (
			);
			inputFileListPaths = (
			);
			inputPaths = (
				"${PODS_PODFILE_DIR_PATH}/Podfile.lock",
				"${PODS_ROOT}/Manifest.lock",
			);
			name = "[CP] Check Pods Manifest.lock";
			outputFileListPaths = (
			);
			outputPaths = (
				"$(DERIVED_FILE_DIR)/Pods-SplitnestProj-checkManifestLockResult.txt",
			);
			runOnlyForDeploymentPostprocessing = 0;
			shellPath = /bin/sh;
			shellScript = "diff \"${PODS_PODFILE_DIR_PATH}/Podfile.lock\" \"${PODS_ROOT}/Manifest.lock\" > /dev/null\nif [ $? != 0 ] ; then\n    # print error to STDERR\n    echo \"error: The sandbox is not in sync with the Podfile.lock. Run 'pod install' or update your CocoaPods installation.\" >&2\n    exit 1\nfi\n# This output is used by Xcode 'outputs' to avoid re-running this script phase.\necho \"SUCCESS\" > \"${SCRIPT_OUTPUT_FILE_0}\"\n";
			showEnvVarsInLog = 0;
		};
		F97C9F919ED202BD2DAB436F /* [CP] Copy Pods Resources */ = {
			isa = PBXShellScriptBuildPhase;
			buildActionMask = 2147483647;
			files = (
			);
			inputFileListPaths = (
				"${PODS_ROOT}/Target Support Files/Pods-SplitnestProj-SplitnestProjTests/Pods-SplitnestProj-SplitnestProjTests-resources-${CONFIGURATION}-input-files.xcfilelist",
			);
			name = "[CP] Copy Pods Resources";
			outputFileListPaths = (
				"${PODS_ROOT}/Target Support Files/Pods-SplitnestProj-SplitnestProjTests/Pods-SplitnestProj-SplitnestProjTests-resources-${CONFIGURATION}-output-files.xcfilelist",
			);
			runOnlyForDeploymentPostprocessing = 0;
			shellPath = /bin/sh;
			shellScript = "\"${PODS_ROOT}/Target Support Files/Pods-SplitnestProj-SplitnestProjTests/Pods-SplitnestProj-SplitnestProjTests-resources.sh\"\n";
			showEnvVarsInLog = 0;
		};
		FD10A7F022414F080027D42C /* Start Packager */ = {
			isa = PBXShellScriptBuildPhase;
			buildActionMask = 2147483647;
			files = (
			);
			inputFileListPaths = (
			);
			inputPaths = (
			);
			name = "Start Packager";
			outputFileListPaths = (
			);
			outputPaths = (
			);
			runOnlyForDeploymentPostprocessing = 0;
			shellPath = /bin/sh;
			shellScript = "export RCT_METRO_PORT=\"${RCT_METRO_PORT:=8081}\"\necho \"export RCT_METRO_PORT=${RCT_METRO_PORT}\" > \"${SRCROOT}/../node_modules/react-native/scripts/.packager.env\"\nif [ -z \"${RCT_NO_LAUNCH_PACKAGER+xxx}\" ] ; then\n  if nc -w 5 -z localhost ${RCT_METRO_PORT} ; then\n    if ! curl -s \"http://localhost:${RCT_METRO_PORT}/status\" | grep -q \"packager-status:running\" ; then\n      echo \"Port ${RCT_METRO_PORT} already in use, packager is either not running or not running correctly\"\n      exit 2\n    fi\n  else\n    open \"$SRCROOT/../node_modules/react-native/scripts/launchPackager.command\" || echo \"Can't start packager automatically\"\n  fi\nfi\n";
			showEnvVarsInLog = 0;
		};
/* End PBXShellScriptBuildPhase section */

/* Begin PBXSourcesBuildPhase section */
		00E356EA1AD99517003FC87E /* Sources */ = {
			isa = PBXSourcesBuildPhase;
			buildActionMask = 2147483647;
			files = (
				00E356F31AD99517003FC87E /* SplitnestProjTests.m in Sources */,
			);
			runOnlyForDeploymentPostprocessing = 0;
		};
		13B07F871A680F5B00A75B9A /* Sources */ = {
			isa = PBXSourcesBuildPhase;
			buildActionMask = 2147483647;
			files = (
				13B07FBC1A68108700A75B9A /* AppDelegate.m in Sources */,
				13B07FC11A68108700A75B9A /* main.m in Sources */,
			);
			runOnlyForDeploymentPostprocessing = 0;
		};
/* End PBXSourcesBuildPhase section */

/* Begin PBXTargetDependency section */
		00E356F51AD99517003FC87E /* PBXTargetDependency */ = {
			isa = PBXTargetDependency;
			target = 13B07F861A680F5B00A75B9A /* SplitnestProj */;
			targetProxy = 00E356F41AD99517003FC87E /* PBXContainerItemProxy */;
		};
/* End PBXTargetDependency section */

/* Begin XCBuildConfiguration section */
		00E356F61AD99517003FC87E /* Debug */ = {
			isa = XCBuildConfiguration;
			baseConfigurationReference = D6661036AE0C43902B0A6F18 /* Pods-SplitnestProj-SplitnestProjTests.debug.xcconfig */;
			buildSettings = {
				BUNDLE_LOADER = "$(TEST_HOST)";
				GCC_PREPROCESSOR_DEFINITIONS = (
					"DEBUG=1",
					"$(inherited)",
				);
				INFOPLIST_FILE = SplitnestProjTests/Info.plist;
				IPHONEOS_DEPLOYMENT_TARGET = 11.0;
				LD_RUNPATH_SEARCH_PATHS = (
					"$(inherited)",
					"@executable_path/Frameworks",
					"@loader_path/Frameworks",
				);
				OTHER_LDFLAGS = (
					"-ObjC",
					"-lc++",
					"$(inherited)",
				);
				PRODUCT_BUNDLE_IDENTIFIER = "org.reactjs.native.example.$(PRODUCT_NAME:rfc1034identifier)";
				PRODUCT_NAME = "$(TARGET_NAME)";
				TEST_HOST = "$(BUILT_PRODUCTS_DIR)/SplitnestProj.app/SplitnestProj";
			};
			name = Debug;
		};
		00E356F71AD99517003FC87E /* Release */ = {
			isa = XCBuildConfiguration;
			baseConfigurationReference = 6961929A849C73883E4ECBE1 /* Pods-SplitnestProj-SplitnestProjTests.release.xcconfig */;
			buildSettings = {
				BUNDLE_LOADER = "$(TEST_HOST)";
				COPY_PHASE_STRIP = NO;
				INFOPLIST_FILE = SplitnestProjTests/Info.plist;
				IPHONEOS_DEPLOYMENT_TARGET = 11.0;
				LD_RUNPATH_SEARCH_PATHS = (
					"$(inherited)",
					"@executable_path/Frameworks",
					"@loader_path/Frameworks",
				);
				OTHER_LDFLAGS = (
					"-ObjC",
					"-lc++",
					"$(inherited)",
				);
				PRODUCT_BUNDLE_IDENTIFIER = "org.reactjs.native.example.$(PRODUCT_NAME:rfc1034identifier)";
				PRODUCT_NAME = "$(TARGET_NAME)";
				TEST_HOST = "$(BUILT_PRODUCTS_DIR)/SplitnestProj.app/SplitnestProj";
			};
			name = Release;
		};
		13B07F941A680F5B00A75B9A /* Debug */ = {
			isa = XCBuildConfiguration;
			baseConfigurationReference = E10741112DD9DBD6089153D7 /* Pods-SplitnestProj.debug.xcconfig */;
			buildSettings = {
				ASSETCATALOG_COMPILER_APPICON_NAME = AppIcon;
				CLANG_ENABLE_MODULES = YES;
				CURRENT_PROJECT_VERSION = 1;
				ENABLE_BITCODE = NO;
				"EXCLUDED_ARCHS[sdk=iphonesimulator*]" = arm64;
				INFOPLIST_FILE = SplitnestProj/Info.plist;
				LD_RUNPATH_SEARCH_PATHS = (
					"$(inherited)",
					"@executable_path/Frameworks",
				);
				OTHER_LDFLAGS = (
					"$(inherited)",
					"-ObjC",
					"-lc++",
				);
				PRODUCT_BUNDLE_IDENTIFIER = "org.reactjs.native.example.$(PRODUCT_NAME:rfc1034identifier)";
				PRODUCT_NAME = SplitnestProj;
				SWIFT_OPTIMIZATION_LEVEL = "-Onone";
				SWIFT_VERSION = 5.0;
				VERSIONING_SYSTEM = "apple-generic";
			};
			name = Debug;
		};
		13B07F951A680F5B00A75B9A /* Release */ = {
			isa = XCBuildConfiguration;
			baseConfigurationReference = AB63ADEDCBEE287FBEF01106 /* Pods-SplitnestProj.release.xcconfig */;
			buildSettings = {
				ASSETCATALOG_COMPILER_APPICON_NAME = AppIcon;
				CLANG_ENABLE_MODULES = YES;
				CURRENT_PROJECT_VERSION = 1;
				"EXCLUDED_ARCHS[sdk=iphonesimulator*]" = arm64;
				INFOPLIST_FILE = SplitnestProj/Info.plist;
				LD_RUNPATH_SEARCH_PATHS = (
					"$(inherited)",
					"@executable_path/Frameworks",
				);
				OTHER_LDFLAGS = (
					"$(inherited)",
					"-ObjC",
					"-lc++",
				);
				PRODUCT_BUNDLE_IDENTIFIER = "org.reactjs.native.example.$(PRODUCT_NAME:rfc1034identifier)";
				PRODUCT_NAME = SplitnestProj;
				SWIFT_VERSION = 5.0;
				VERSIONING_SYSTEM = "apple-generic";
			};
			name = Release;
		};
		83CBBA201A601CBA00E9B192 /* Debug */ = {
			isa = XCBuildConfiguration;
			buildSettings = {
				ALWAYS_SEARCH_USER_PATHS = NO;
				CLANG_ANALYZER_LOCALIZABILITY_NONLOCALIZED = YES;
				CLANG_CXX_LANGUAGE_STANDARD = "gnu++0x";
				CLANG_CXX_LIBRARY = "libc++";
				CLANG_ENABLE_MODULES = YES;
				CLANG_ENABLE_OBJC_ARC = YES;
				CLANG_WARN_BLOCK_CAPTURE_AUTORELEASING = YES;
				CLANG_WARN_BOOL_CONVERSION = YES;
				CLANG_WARN_COMMA = YES;
				CLANG_WARN_CONSTANT_CONVERSION = YES;
				CLANG_WARN_DEPRECATED_OBJC_IMPLEMENTATIONS = YES;
				CLANG_WARN_DIRECT_OBJC_ISA_USAGE = YES_ERROR;
				CLANG_WARN_EMPTY_BODY = YES;
				CLANG_WARN_ENUM_CONVERSION = YES;
				CLANG_WARN_INFINITE_RECURSION = YES;
				CLANG_WARN_INT_CONVERSION = YES;
				CLANG_WARN_NON_LITERAL_NULL_CONVERSION = YES;
				CLANG_WARN_OBJC_IMPLICIT_RETAIN_SELF = YES;
				CLANG_WARN_OBJC_LITERAL_CONVERSION = YES;
				CLANG_WARN_OBJC_ROOT_CLASS = YES_ERROR;
				CLANG_WARN_QUOTED_INCLUDE_IN_FRAMEWORK_HEADER = YES;
				CLANG_WARN_RANGE_LOOP_ANALYSIS = YES;
				CLANG_WARN_STRICT_PROTOTYPES = YES;
				CLANG_WARN_SUSPICIOUS_MOVE = YES;
				CLANG_WARN_UNREACHABLE_CODE = YES;
				CLANG_WARN__DUPLICATE_METHOD_MATCH = YES;
				"CODE_SIGN_IDENTITY[sdk=iphoneos*]" = "iPhone Developer";
				COPY_PHASE_STRIP = NO;
				ENABLE_STRICT_OBJC_MSGSEND = YES;
				ENABLE_TESTABILITY = YES;
				"EXCLUDED_ARCHS[sdk=iphonesimulator*]" = "";
				GCC_C_LANGUAGE_STANDARD = gnu99;
				GCC_DYNAMIC_NO_PIC = NO;
				GCC_NO_COMMON_BLOCKS = YES;
				GCC_OPTIMIZATION_LEVEL = 0;
				GCC_PREPROCESSOR_DEFINITIONS = (
					"DEBUG=1",
					"$(inherited)",
				);
				GCC_SYMBOLS_PRIVATE_EXTERN = NO;
				GCC_WARN_64_TO_32_BIT_CONVERSION = YES;
				GCC_WARN_ABOUT_RETURN_TYPE = YES_ERROR;
				GCC_WARN_UNDECLARED_SELECTOR = YES;
				GCC_WARN_UNINITIALIZED_AUTOS = YES_AGGRESSIVE;
				GCC_WARN_UNUSED_FUNCTION = YES;
				GCC_WARN_UNUSED_VARIABLE = YES;
				IPHONEOS_DEPLOYMENT_TARGET = 11.0;
				LD_RUNPATH_SEARCH_PATHS = (
					/usr/lib/swift,
					"$(inherited)",
				);
				LIBRARY_SEARCH_PATHS = (
					"\"$(SDKROOT)/usr/lib/swift\"",
					"\"$(TOOLCHAIN_DIR)/usr/lib/swift/$(PLATFORM_NAME)\"",
					"\"$(inherited)\"",
				);
				MTL_ENABLE_DEBUG_INFO = YES;
				ONLY_ACTIVE_ARCH = YES;
				SDKROOT = iphoneos;
			};
			name = Debug;
		};
		83CBBA211A601CBA00E9B192 /* Release */ = {
			isa = XCBuildConfiguration;
			buildSettings = {
				ALWAYS_SEARCH_USER_PATHS = NO;
				CLANG_ANALYZER_LOCALIZABILITY_NONLOCALIZED = YES;
				CLANG_CXX_LANGUAGE_STANDARD = "gnu++0x";
				CLANG_CXX_LIBRARY = "libc++";
				CLANG_ENABLE_MODULES = YES;
				CLANG_ENABLE_OBJC_ARC = YES;
				CLANG_WARN_BLOCK_CAPTURE_AUTORELEASING = YES;
				CLANG_WARN_BOOL_CONVERSION = YES;
				CLANG_WARN_COMMA = YES;
				CLANG_WARN_CONSTANT_CONVERSION = YES;
				CLANG_WARN_DEPRECATED_OBJC_IMPLEMENTATIONS = YES;
				CLANG_WARN_DIRECT_OBJC_ISA_USAGE = YES_ERROR;
				CLANG_WARN_EMPTY_BODY = YES;
				CLANG_WARN_ENUM_CONVERSION = YES;
				CLANG_WARN_INFINITE_RECURSION = YES;
				CLANG_WARN_INT_CONVERSION = YES;
				CLANG_WARN_NON_LITERAL_NULL_CONVERSION = YES;
				CLANG_WARN_OBJC_IMPLICIT_RETAIN_SELF = YES;
				CLANG_WARN_OBJC_LITERAL_CONVERSION = YES;
				CLANG_WARN_OBJC_ROOT_CLASS = YES_ERROR;
				CLANG_WARN_QUOTED_INCLUDE_IN_FRAMEWORK_HEADER = YES;
				CLANG_WARN_RANGE_LOOP_ANALYSIS = YES;
				CLANG_WARN_STRICT_PROTOTYPES = YES;
				CLANG_WARN_SUSPICIOUS_MOVE = YES;
				CLANG_WARN_UNREACHABLE_CODE = YES;
				CLANG_WARN__DUPLICATE_METHOD_MATCH = YES;
				"CODE_SIGN_IDENTITY[sdk=iphoneos*]" = "iPhone Developer";
				COPY_PHASE_STRIP = YES;
				ENABLE_NS_ASSERTIONS = NO;
				ENABLE_STRICT_OBJC_MSGSEND = YES;
				"EXCLUDED_ARCHS[sdk=iphonesimulator*]" = "";
				GCC_C_LANGUAGE_STANDARD = gnu99;
				GCC_NO_COMMON_BLOCKS = YES;
				GCC_WARN_64_TO_32_BIT_CONVERSION = YES;
				GCC_WARN_ABOUT_RETURN_TYPE = YES_ERROR;
				GCC_WARN_UNDECLARED_SELECTOR = YES;
				GCC_WARN_UNINITIALIZED_AUTOS = YES_AGGRESSIVE;
				GCC_WARN_UNUSED_FUNCTION = YES;
				GCC_WARN_UNUSED_VARIABLE = YES;
				IPHONEOS_DEPLOYMENT_TARGET = 11.0;
				LD_RUNPATH_SEARCH_PATHS = (
					/usr/lib/swift,
					"$(inherited)",
				);
				LIBRARY_SEARCH_PATHS = (
					"\"$(SDKROOT)/usr/lib/swift\"",
					"\"$(TOOLCHAIN_DIR)/usr/lib/swift/$(PLATFORM_NAME)\"",
					"\"$(inherited)\"",
				);
				MTL_ENABLE_DEBUG_INFO = NO;
				SDKROOT = iphoneos;
				VALIDATE_PRODUCT = YES;
			};
			name = Release;
		};
/* End XCBuildConfiguration section */

/* Begin XCConfigurationList section */
		00E357021AD99517003FC87E /* Build configuration list for PBXNativeTarget "SplitnestProjTests" */ = {
			isa = XCConfigurationList;
			buildConfigurations = (
				00E356F61AD99517003FC87E /* Debug */,
				00E356F71AD99517003FC87E /* Release */,
			);
			defaultConfigurationIsVisible = 0;
			defaultConfigurationName = Release;
		};
		13B07F931A680F5B00A75B9A /* Build configuration list for PBXNativeTarget "SplitnestProj" */ = {
			isa = XCConfigurationList;
			buildConfigurations = (
				13B07F941A680F5B00A75B9A /* Debug */,
				13B07F951A680F5B00A75B9A /* Release */,
			);
			defaultConfigurationIsVisible = 0;
			defaultConfigurationName = Release;
		};
		83CBB9FA1A601CBA00E9B192 /* Build configuration list for PBXProject "SplitnestProj" */ = {
			isa = XCConfigurationList;
			buildConfigurations = (
				83CBBA201A601CBA00E9B192 /* Debug */,
				83CBBA211A601CBA00E9B192 /* Release */,
			);
			defaultConfigurationIsVisible = 0;
			defaultConfigurationName = Release;
		};
/* End XCConfigurationList section */
	};
	rootObject = 83CBB9F71A601CBA00E9B192 /* Project object */;
}
